{
  "requires": true,
  "lockfileVersion": 1,
  "dependencies": {
    "browserslist": {
      "version": "4.21.9",
      "resolved": "https://registry.npmjs.org/browserslist/-/browserslist-4.21.9.tgz",
      "integrity": "sha512-M0MFoZzbUrRU4KNfCrDLnvyE7gub+peetoTid3TBIqtunaDJyXlwhakT+/VkvSXcfIzFfK/nkCs4nmyTmxdNSg==",
      "requires": {
        "caniuse-lite": "^1.0.30001503",
        "electron-to-chromium": "^1.4.431",
        "node-releases": "^2.0.12",
        "update-browserslist-db": "^1.0.11"
      }
    },
    "caniuse-lite": {
      "version": "1.0.30001507",
      "resolved": "https://registry.npmjs.org/caniuse-lite/-/caniuse-lite-1.0.30001507.tgz",
      "integrity": "sha512-SFpUDoSLCaE5XYL2jfqe9ova/pbQHEmbheDf5r4diNwbAgR3qxM9NQtfsiSscjqoya5K7kFcHPUQ+VsUkIJR4A=="
    },
    "electron-to-chromium": {
      "version": "1.4.440",
      "resolved": "https://registry.npmjs.org/electron-to-chromium/-/electron-to-chromium-1.4.440.tgz",
      "integrity": "sha512-r6dCgNpRhPwiWlxbHzZQ/d9swfPaEJGi8ekqRBwQYaR3WmA5VkqQfBWSDDjuJU1ntO+W9tHx8OHV/96Q8e0dVw=="
    },
    "escalade": {
      "version": "3.1.1",
      "resolved": "https://registry.npmjs.org/escalade/-/escalade-3.1.1.tgz",
      "integrity": "sha512-k0er2gUkLf8O0zKJiAhmkTnJlTvINGv7ygDNPbeIsX/TJjGJZHuh9B2UxbsaEkmlEo9MfhrSzmhIlhRlI2GXnw=="
    },
    "node-releases": {
      "version": "2.0.12",
      "resolved": "https://registry.npmjs.org/node-releases/-/node-releases-2.0.12.tgz",
      "integrity": "sha512-QzsYKWhXTWx8h1kIvqfnC++o0pEmpRQA/aenALsL2F4pqNVr7YzcdMlDij5WBnwftRbJCNJL/O7zdKaxKPHqgQ=="
    },
    "picocolors": {
      "version": "1.0.0",
      "resolved": "https://registry.npmjs.org/picocolors/-/picocolors-1.0.0.tgz",
      "integrity": "sha512-1fygroTLlHu66zi26VoTDv8yRgm0Fccecssto+MhsZ0D/DGW2sm8E8AjW7NU5VVTRt5GxbeZ5qBuJr+HyLYkjQ=="
    },
    "update-browserslist-db": {
      "version": "1.0.11",
      "resolved": "https://registry.npmjs.org/update-browserslist-db/-/update-browserslist-db-1.0.11.tgz",
      "integrity": "sha512-dCwEFf0/oT85M1fHBg4F0jtLwJrutGoHSQXCh7u4o2t1drG+c0a9Flnqww6XUKSfQMPpJBRjU8d4RXB09qtvaA==",
      "requires": {
        "escalade": "^3.1.1",
        "picocolors": "^1.0.0"
      }
    }
  }
}
